
Microsoft Visual Studio Solution File, Format Version 12.00
# Visual Studio 15
VisualStudioVersion = 15.0.27428.2015
MinimumVisualStudioVersion = 10.0.40219.1
Project("{FAE04EC0-301F-11D3-BF4B-00C04F79EFBC}") = "ContosoMVC", "ContosoMVC\ContosoMVC.csproj", "{0229E2B6-951B-40D1-9ECD-70A84F86D986}"
EndProject
Project("{FAE04EC0-301F-11D3-BF4B-00C04F79EFBC}") = "ContosoMVC.Tests", "ContosoMVC.Tests\ContosoMVC.Tests.csproj", "{4981ADE9-8E67-4342-AF28-909026681D80}"
EndProject
Project("{FAE04EC0-301F-11D3-BF4B-00C04F79EFBC}") = "Contoso.Data", "Contoso.Data\Contoso.Data.csproj", "{A4B4D8EB-B4D4-44FD-928D-8D5B3E3C2BBB}"
EndProject
Project("{FAE04EC0-301F-11D3-BF4B-00C04F79EFBC}") = "Contoso.Model", "Contoso.Model\Contoso.Model.csproj", "{148B0AF0-25CE-4194-9AD3-1E92045BFBF6}"
EndProject
Project("{FAE04EC0-301F-11D3-BF4B-00C04F79EFBC}") = "Contoso.Service", "Contoso.Service\Contoso.Service.csproj", "{E6BEC46F-F9D3-4B31-B5CC-C88BC9BF4CBE}"
EndProject
Global
	GlobalSection(SolutionConfigurationPlatforms) = preSolution
		Debug|Any CPU = Debug|Any CPU
		Release|Any CPU = Release|Any CPU
	EndGlobalSection
	GlobalSection(ProjectConfigurationPlatforms) = postSolution
		{0229E2B6-951B-40D1-9ECD-70A84F86D986}.Debug|Any CPU.ActiveCfg = Debug|Any CPU
		{0229E2B6-951B-40D1-9ECD-70A84F86D986}.Debug|Any CPU.Build.0 = Debug|Any CPU
		{0229E2B6-951B-40D1-9ECD-70A84F86D986}.Release|Any CPU.ActiveCfg = Release|Any CPU
		{0229E2B6-951B-40D1-9ECD-70A84F86D986}.Release|Any CPU.Build.0 = Release|Any CPU
		{4981ADE9-8E67-4342-AF28-909026681D80}.Debug|Any CPU.ActiveCfg = Debug|Any CPU
		{4981ADE9-8E67-4342-AF28-909026681D80}.Debug|Any CPU.Build.0 = Debug|Any CPU
		{4981ADE9-8E67-4342-AF28-909026681D80}.Release|Any CPU.ActiveCfg = Release|Any CPU
		{4981ADE9-8E67-4342-AF28-909026681D80}.Release|Any CPU.Build.0 = Release|Any CPU
		{A4B4D8EB-B4D4-44FD-928D-8D5B3E3C2BBB}.Debug|Any CPU.ActiveCfg = Debug|Any CPU
		{A4B4D8EB-B4D4-44FD-928D-8D5B3E3C2BBB}.Debug|Any CPU.Build.0 = Debug|Any CPU
		{A4B4D8EB-B4D4-44FD-928D-8D5B3E3C2BBB}.Release|Any CPU.ActiveCfg = Release|Any CPU
		{A4B4D8EB-B4D4-44FD-928D-8D5B3E3C2BBB}.Release|Any CPU.Build.0 = Release|Any CPU
		{148B0AF0-25CE-4194-9AD3-1E92045BFBF6}.Debug|Any CPU.ActiveCfg = Debug|Any CPU
		{148B0AF0-25CE-4194-9AD3-1E92045BFBF6}.Debug|Any CPU.Build.0 = Debug|Any CPU
		{148B0AF0-25CE-4194-9AD3-1E92045BFBF6}.Release|Any CPU.ActiveCfg = Release|Any CPU
		{148B0AF0-25CE-4194-9AD3-1E92045BFBF6}.Release|Any CPU.Build.0 = Release|Any CPU
		{E6BEC46F-F9D3-4B31-B5CC-C88BC9BF4CBE}.Debug|Any CPU.ActiveCfg = Debug|Any CPU
		{E6BEC46F-F9D3-4B31-B5CC-C88BC9BF4CBE}.Debug|Any CPU.Build.0 = Debug|Any CPU
		{E6BEC46F-F9D3-4B31-B5CC-C88BC9BF4CBE}.Release|Any CPU.ActiveCfg = Release|Any CPU
		{E6BEC46F-F9D3-4B31-B5CC-C88BC9BF4CBE}.Release|Any CPU.Build.0 = Release|Any CPU
	EndGlobalSection
	GlobalSection(SolutionProperties) = preSolution
		HideSolutionNode = FALSE
	EndGlobalSection
	GlobalSection(ExtensibilityGlobals) = postSolution
		SolutionGuid = {429C68CC-5836-4D3F-A973-D12916CB8BA0}
	EndGlobalSection
EndGlobal
